// !$*UTF8*$!
{
	archiveVersion = 1;
	classes = {
	};
	objectVersion = 46;
	objects = {

/* Begin PBXBuildFile section */
		8F04805D0220D84FCDFD7A0D /* libPods-侧边栏练习Tests.a in Frameworks */ = {isa = PBXBuildFile; fileRef = 669EF2E632A0C196B14D2C46 /* libPods-侧边栏练习Tests.a */; };
		9941DA2F1CAD20A400EEA76D /* main.m in Sources */ = {isa = PBXBuildFile; fileRef = 9941DA2E1CAD20A400EEA76D /* main.m */; };
		9941DA321CAD20A400EEA76D /* AppDelegate.m in Sources */ = {isa = PBXBuildFile; fileRef = 9941DA311CAD20A400EEA76D /* AppDelegate.m */; };
		9941DA351CAD20A400EEA76D /* ViewController.m in Sources */ = {isa = PBXBuildFile; fileRef = 9941DA341CAD20A400EEA76D /* ViewController.m */; };
		9941DA381CAD20A400EEA76D /* Main.storyboard in Resources */ = {isa = PBXBuildFile; fileRef = 9941DA361CAD20A400EEA76D /* Main.storyboard */; };
		9941DA3A1CAD20A400EEA76D /* Assets.xcassets in Resources */ = {isa = PBXBuildFile; fileRef = 9941DA391CAD20A400EEA76D /* Assets.xcassets */; };
		9941DA3D1CAD20A400EEA76D /* LaunchScreen.storyboard in Resources */ = {isa = PBXBuildFile; fileRef = 9941DA3B1CAD20A400EEA76D /* LaunchScreen.storyboard */; };
		9941DA481CAD20A400EEA76D /* _____Tests.m in Sources */ = {isa = PBXBuildFile; fileRef = 9941DA471CAD20A400EEA76D /* _____Tests.m */; };
		9941DA531CAD20A400EEA76D /* _____UITests.m in Sources */ = {isa = PBXBuildFile; fileRef = 9941DA521CAD20A400EEA76D /* _____UITests.m */; };
		9941DA631CAD2D7E00EEA76D /* JVLeftDrawerTableViewController.m in Sources */ = {isa = PBXBuildFile; fileRef = 9941DA621CAD2D7E00EEA76D /* JVLeftDrawerTableViewController.m */; };
		9941DA661CAD2E2900EEA76D /* JVGitHubViewController.m in Sources */ = {isa = PBXBuildFile; fileRef = 9941DA651CAD2E2900EEA76D /* JVGitHubViewController.m */; };
		9941DA691CAD2F0B00EEA76D /* JVDrawerSettingsTableViewController.m in Sources */ = {isa = PBXBuildFile; fileRef = 9941DA681CAD2F0B00EEA76D /* JVDrawerSettingsTableViewController.m */; };
		FCBA4FBC9A3E807C43DFA5F3 /* libPods-侧边栏练习.a in Frameworks */ = {isa = PBXBuildFile; fileRef = F324755AD668C8A428A88C17 /* libPods-侧边栏练习.a */; };
/* End PBXBuildFile section */

/* Begin PBXContainerItemProxy section */
		9941DA441CAD20A400EEA76D /* PBXContainerItemProxy */ = {
			isa = PBXContainerItemProxy;
			containerPortal = 9941DA221CAD20A400EEA76D /* Project object */;
			proxyType = 1;
			remoteGlobalIDString = 9941DA291CAD20A400EEA76D;
			remoteInfo = "侧边栏练习";
		};
		9941DA4F1CAD20A400EEA76D /* PBXContainerItemProxy */ = {
			isa = PBXContainerItemProxy;
			containerPortal = 9941DA221CAD20A400EEA76D /* Project object */;
			proxyType = 1;
			remoteGlobalIDString = 9941DA291CAD20A400EEA76D;
			remoteInfo = "侧边栏练习";
		};
/* End PBXContainerItemProxy section */

/* Begin PBXFileReference section */
		034C878B4AD035E7056AF7B3 /* Pods-侧边栏练习Tests.release.xcconfig */ = {isa = PBXFileReference; includeInIndex = 1; lastKnownFileType = text.xcconfig; name = "Pods-侧边栏练习Tests.release.xcconfig"; path = "Pods/Target Support Files/Pods-侧边栏练习Tests/Pods-侧边栏练习Tests.release.xcconfig"; sourceTree = "<group>"; };
		33E09185EBA913C026547014 /* Pods-侧边栏练习.release.xcconfig */ = {isa = PBXFileReference; includeInIndex = 1; lastKnownFileType = text.xcconfig; name = "Pods-侧边栏练习.release.xcconfig"; path = "Pods/Target Support Files/Pods-侧边栏练习/Pods-侧边栏练习.release.xcconfig"; sourceTree = "<group>"; };
		669EF2E632A0C196B14D2C46 /* libPods-侧边栏练习Tests.a */ = {isa = PBXFileReference; explicitFileType = archive.ar; includeInIndex = 0; path = "libPods-侧边栏练习Tests.a"; sourceTree = BUILT_PRODUCTS_DIR; };
		88E54AF6D8ECD0736E7F3426 /* Pods-侧边栏练习Tests.debug.xcconfig */ = {isa = PBXFileReference; includeInIndex = 1; lastKnownFileType = text.xcconfig; name = "Pods-侧边栏练习Tests.debug.xcconfig"; path = "Pods/Target Support Files/Pods-侧边栏练习Tests/Pods-侧边栏练习Tests.debug.xcconfig"; sourceTree = "<group>"; };
		98CF013781A3F9E46F925259 /* Pods-侧边栏练习.debug.xcconfig */ = {isa = PBXFileReference; includeInIndex = 1; lastKnownFileType = text.xcconfig; name = "Pods-侧边栏练习.debug.xcconfig"; path = "Pods/Target Support Files/Pods-侧边栏练习/Pods-侧边栏练习.debug.xcconfig"; sourceTree = "<group>"; };
		9941DA2A1CAD20A400EEA76D /* 侧边栏练习.app */ = {isa = PBXFileReference; explicitFileType = wrapper.application; includeInIndex = 0; path = "侧边栏练习.app"; sourceTree = BUILT_PRODUCTS_DIR; };
		9941DA2E1CAD20A400EEA76D /* main.m */ = {isa = PBXFileReference; lastKnownFileType = sourcecode.c.objc; path = main.m; sourceTree = "<group>"; };
		9941DA301CAD20A400EEA76D /* AppDelegate.h */ = {isa = PBXFileReference; lastKnownFileType = sourcecode.c.h; path = AppDelegate.h; sourceTree = "<group>"; };
		9941DA311CAD20A400EEA76D /* AppDelegate.m */ = {isa = PBXFileReference; lastKnownFileType = sourcecode.c.objc; path = AppDelegate.m; sourceTree = "<group>"; };
		9941DA331CAD20A400EEA76D /* ViewController.h */ = {isa = PBXFileReference; lastKnownFileType = sourcecode.c.h; path = ViewController.h; sourceTree = "<group>"; };
		9941DA341CAD20A400EEA76D /* ViewController.m */ = {isa = PBXFileReference; lastKnownFileType = sourcecode.c.objc; path = ViewController.m; sourceTree = "<group>"; };
		9941DA371CAD20A400EEA76D /* Base */ = {isa = PBXFileReference; lastKnownFileType = file.storyboard; name = Base; path = Base.lproj/Main.storyboard; sourceTree = "<group>"; };
		9941DA391CAD20A400EEA76D /* Assets.xcassets */ = {isa = PBXFileReference; lastKnownFileType = folder.assetcatalog; path = Assets.xcassets; sourceTree = "<group>"; };
		9941DA3C1CAD20A400EEA76D /* Base */ = {isa = PBXFileReference; lastKnownFileType = file.storyboard; name = Base; path = Base.lproj/LaunchScreen.storyboard; sourceTree = "<group>"; };
		9941DA3E1CAD20A400EEA76D /* Info.plist */ = {isa = PBXFileReference; lastKnownFileType = text.plist.xml; path = Info.plist; sourceTree = "<group>"; };
		9941DA431CAD20A400EEA76D /* 侧边栏练习Tests.xctest */ = {isa = PBXFileReference; explicitFileType = wrapper.cfbundle; includeInIndex = 0; path = "侧边栏练习Tests.xctest"; sourceTree = BUILT_PRODUCTS_DIR; };
		9941DA471CAD20A400EEA76D /* _____Tests.m */ = {isa = PBXFileReference; lastKnownFileType = sourcecode.c.objc; path = "_____Tests.m"; sourceTree = "<group>"; };
		9941DA491CAD20A400EEA76D /* Info.plist */ = {isa = PBXFileReference; lastKnownFileType = text.plist.xml; path = Info.plist; sourceTree = "<group>"; };
		9941DA4E1CAD20A400EEA76D /* 侧边栏练习UITests.xctest */ = {isa = PBXFileReference; explicitFileType = wrapper.cfbundle; includeInIndex = 0; path = "侧边栏练习UITests.xctest"; sourceTree = BUILT_PRODUCTS_DIR; };
		9941DA521CAD20A400EEA76D /* _____UITests.m */ = {isa = PBXFileReference; lastKnownFileType = sourcecode.c.objc; path = "_____UITests.m"; sourceTree = "<group>"; };
		9941DA541CAD20A400EEA76D /* Info.plist */ = {isa = PBXFileReference; lastKnownFileType = text.plist.xml; path = Info.plist; sourceTree = "<group>"; };
		9941DA611CAD2D7E00EEA76D /* JVLeftDrawerTableViewController.h */ = {isa = PBXFileReference; fileEncoding = 4; lastKnownFileType = sourcecode.c.h; path = JVLeftDrawerTableViewController.h; sourceTree = "<group>"; };
		9941DA621CAD2D7E00EEA76D /* JVLeftDrawerTableViewController.m */ = {isa = PBXFileReference; fileEncoding = 4; lastKnownFileType = sourcecode.c.objc; path = JVLeftDrawerTableViewController.m; sourceTree = "<group>"; };
		9941DA641CAD2E2900EEA76D /* JVGitHubViewController.h */ = {isa = PBXFileReference; fileEncoding = 4; lastKnownFileType = sourcecode.c.h; path = JVGitHubViewController.h; sourceTree = "<group>"; };
		9941DA651CAD2E2900EEA76D /* JVGitHubViewController.m */ = {isa = PBXFileReference; fileEncoding = 4; lastKnownFileType = sourcecode.c.objc; path = JVGitHubViewController.m; sourceTree = "<group>"; };
		9941DA671CAD2F0B00EEA76D /* JVDrawerSettingsTableViewController.h */ = {isa = PBXFileReference; fileEncoding = 4; lastKnownFileType = sourcecode.c.h; path = JVDrawerSettingsTableViewController.h; sourceTree = "<group>"; };
		9941DA681CAD2F0B00EEA76D /* JVDrawerSettingsTableViewController.m */ = {isa = PBXFileReference; fileEncoding = 4; lastKnownFileType = sourcecode.c.objc; path = JVDrawerSettingsTableViewController.m; sourceTree = "<group>"; };
		F324755AD668C8A428A88C17 /* libPods-侧边栏练习.a */ = {isa = PBXFileReference; explicitFileType = archive.ar; includeInIndex = 0; path = "libPods-侧边栏练习.a"; sourceTree = BUILT_PRODUCTS_DIR; };
/* End PBXFileReference section */

/* Begin PBXFrameworksBuildPhase section */
		9941DA271CAD20A400EEA76D /* Frameworks */ = {
			isa = PBXFrameworksBuildPhase;
			buildActionMask = 2147483647;
			files = (
				FCBA4FBC9A3E807C43DFA5F3 /* libPods-侧边栏练习.a in Frameworks */,
			);
			runOnlyForDeploymentPostprocessing = 0;
		};
		9941DA401CAD20A400EEA76D /* Frameworks */ = {
			isa = PBXFrameworksBuildPhase;
			buildActionMask = 2147483647;
			files = (
				8F04805D0220D84FCDFD7A0D /* libPods-侧边栏练习Tests.a in Frameworks */,
			);
			runOnlyForDeploymentPostprocessing = 0;
		};
		9941DA4B1CAD20A400EEA76D /* Frameworks */ = {
			isa = PBXFrameworksBuildPhase;
			buildActionMask = 2147483647;
			files = (
			);
			runOnlyForDeploymentPostprocessing = 0;
		};
/* End PBXFrameworksBuildPhase section */

/* Begin PBXGroup section */
		4F0D16991B10AC40A84B6283 /* Frameworks */ = {
			isa = PBXGroup;
			children = (
				F324755AD668C8A428A88C17 /* libPods-侧边栏练习.a */,
				669EF2E632A0C196B14D2C46 /* libPods-侧边栏练习Tests.a */,
			);
			name = Frameworks;
			sourceTree = "<group>";
		};
		9941DA211CAD20A400EEA76D = {
			isa = PBXGroup;
			children = (
				9941DA2C1CAD20A400EEA76D /* 侧边栏练习 */,
				9941DA461CAD20A400EEA76D /* 侧边栏练习Tests */,
				9941DA511CAD20A400EEA76D /* 侧边栏练习UITests */,
				9941DA2B1CAD20A400EEA76D /* Products */,
				D576BB8464828AF0EA6D5457 /* Pods */,
				4F0D16991B10AC40A84B6283 /* Frameworks */,
			);
			sourceTree = "<group>";
		};
		9941DA2B1CAD20A400EEA76D /* Products */ = {
			isa = PBXGroup;
			children = (
				9941DA2A1CAD20A400EEA76D /* 侧边栏练习.app */,
				9941DA431CAD20A400EEA76D /* 侧边栏练习Tests.xctest */,
				9941DA4E1CAD20A400EEA76D /* 侧边栏练习UITests.xctest */,
			);
			name = Products;
			sourceTree = "<group>";
		};
		9941DA2C1CAD20A400EEA76D /* 侧边栏练习 */ = {
			isa = PBXGroup;
			children = (
				9941DA601CAD2C8B00EEA76D /* personal controllers */,
				9941DA301CAD20A400EEA76D /* AppDelegate.h */,
				9941DA311CAD20A400EEA76D /* AppDelegate.m */,
				9941DA331CAD20A400EEA76D /* ViewController.h */,
				9941DA341CAD20A400EEA76D /* ViewController.m */,
				9941DA361CAD20A400EEA76D /* Main.storyboard */,
				9941DA391CAD20A400EEA76D /* Assets.xcassets */,
				9941DA3B1CAD20A400EEA76D /* LaunchScreen.storyboard */,
				9941DA3E1CAD20A400EEA76D /* Info.plist */,
				9941DA2D1CAD20A400EEA76D /* Supporting Files */,
			);
			path = "侧边栏练习";
			sourceTree = "<group>";
		};
		9941DA2D1CAD20A400EEA76D /* Supporting Files */ = {
			isa = PBXGroup;
			children = (
				9941DA2E1CAD20A400EEA76D /* main.m */,
			);
			name = "Supporting Files";
			sourceTree = "<group>";
		};
		9941DA461CAD20A400EEA76D /* 侧边栏练习Tests */ = {
			isa = PBXGroup;
			children = (
				9941DA471CAD20A400EEA76D /* _____Tests.m */,
				9941DA491CAD20A400EEA76D /* Info.plist */,
			);
			path = "侧边栏练习Tests";
			sourceTree = "<group>";
		};
		9941DA511CAD20A400EEA76D /* 侧边栏练习UITests */ = {
			isa = PBXGroup;
			children = (
				9941DA521CAD20A400EEA76D /* _____UITests.m */,
				9941DA541CAD20A400EEA76D /* Info.plist */,
			);
			path = "侧边栏练习UITests";
			sourceTree = "<group>";
		};
		9941DA601CAD2C8B00EEA76D /* personal controllers */ = {
			isa = PBXGroup;
			children = (
				9941DA641CAD2E2900EEA76D /* JVGitHubViewController.h */,
				9941DA671CAD2F0B00EEA76D /* JVDrawerSettingsTableViewController.h */,
				9941DA681CAD2F0B00EEA76D /* JVDrawerSettingsTableViewController.m */,
				9941DA651CAD2E2900EEA76D /* JVGitHubViewController.m */,
				9941DA611CAD2D7E00EEA76D /* JVLeftDrawerTableViewController.h */,
				9941DA621CAD2D7E00EEA76D /* JVLeftDrawerTableViewController.m */,
			);
			name = "personal controllers";
			sourceTree = "<group>";
		};
		D576BB8464828AF0EA6D5457 /* Pods */ = {
			isa = PBXGroup;
			children = (
				98CF013781A3F9E46F925259 /* Pods-侧边栏练习.debug.xcconfig */,
				33E09185EBA913C026547014 /* Pods-侧边栏练习.release.xcconfig */,
				88E54AF6D8ECD0736E7F3426 /* Pods-侧边栏练习Tests.debug.xcconfig */,
				034C878B4AD035E7056AF7B3 /* Pods-侧边栏练习Tests.release.xcconfig */,
			);
			name = Pods;
			sourceTree = "<group>";
		};
/* End PBXGroup section */

/* Begin PBXNativeTarget section */
		9941DA291CAD20A400EEA76D /* 侧边栏练习 */ = {
			isa = PBXNativeTarget;
			buildConfigurationList = 9941DA571CAD20A400EEA76D /* Build configuration list for PBXNativeTarget "侧边栏练习" */;
			buildPhases = (
				73387964C71A6A417CEE7D77 /* Check Pods Manifest.lock */,
				9941DA261CAD20A400EEA76D /* Sources */,
				9941DA271CAD20A400EEA76D /* Frameworks */,
				9941DA281CAD20A400EEA76D /* Resources */,
				3D62384B8D9F867E83FAE348 /* Embed Pods Frameworks */,
				CC1D76651099015B238A08B7 /* Copy Pods Resources */,
			);
			buildRules = (
			);
			dependencies = (
			);
			name = "侧边栏练习";
			productName = "侧边栏练习";
			productReference = 9941DA2A1CAD20A400EEA76D /* 侧边栏练习.app */;
			productType = "com.apple.product-type.application";
		};
		9941DA421CAD20A400EEA76D /* 侧边栏练习Tests */ = {
			isa = PBXNativeTarget;
			buildConfigurationList = 9941DA5A1CAD20A400EEA76D /* Build configuration list for PBXNativeTarget "侧边栏练习Tests" */;
			buildPhases = (
				4727CFA7859BE7EAAA7A5D23 /* Check Pods Manifest.lock */,
				9941DA3F1CAD20A400EEA76D /* Sources */,
				9941DA401CAD20A400EEA76D /* Frameworks */,
				9941DA411CAD20A400EEA76D /* Resources */,
				BEA93B21AB112DECCF8EFFF1 /* Embed Pods Frameworks */,
				0348763CB8265C362E3DBD01 /* Copy Pods Resources */,
			);
			buildRules = (
			);
			dependencies = (
				9941DA451CAD20A400EEA76D /* PBXTargetDependency */,
			);
			name = "侧边栏练习Tests";
			productName = "侧边栏练习Tests";
			productReference = 9941DA431CAD20A400EEA76D /* 侧边栏练习Tests.xctest */;
			productType = "com.apple.product-type.bundle.unit-test";
		};
		9941DA4D1CAD20A400EEA76D /* 侧边栏练习UITests */ = {
			isa = PBXNativeTarget;
			buildConfigurationList = 9941DA5D1CAD20A400EEA76D /* Build configuration list for PBXNativeTarget "侧边栏练习UITests" */;
			buildPhases = (
				9941DA4A1CAD20A400EEA76D /* Sources */,
				9941DA4B1CAD20A400EEA76D /* Frameworks */,
				9941DA4C1CAD20A400EEA76D /* Resources */,
			);
			buildRules = (
			);
			dependencies = (
				9941DA501CAD20A400EEA76D /* PBXTargetDependency */,
			);
			name = "侧边栏练习UITests";
			productName = "侧边栏练习UITests";
			productReference = 9941DA4E1CAD20A400EEA76D /* 侧边栏练习UITests.xctest */;
			productType = "com.apple.product-type.bundle.ui-testing";
		};
/* End PBXNativeTarget section */

/* Begin PBXProject section */
		9941DA221CAD20A400EEA76D /* Project object */ = {
			isa = PBXProject;
			attributes = {
				LastUpgradeCheck = 0720;
				ORGANIZATIONNAME = luxia;
				TargetAttributes = {
					9941DA291CAD20A400EEA76D = {
						CreatedOnToolsVersion = 7.2;
						DevelopmentTeam = 6F4VN476NG;
					};
					9941DA421CAD20A400EEA76D = {
						CreatedOnToolsVersion = 7.2;
						DevelopmentTeam = 6F4VN476NG;
						TestTargetID = 9941DA291CAD20A400EEA76D;
					};
					9941DA4D1CAD20A400EEA76D = {
						CreatedOnToolsVersion = 7.2;
						DevelopmentTeam = 6F4VN476NG;
						TestTargetID = 9941DA291CAD20A400EEA76D;
					};
				};
			};
			buildConfigurationList = 9941DA251CAD20A400EEA76D /* Build configuration list for PBXProject "侧边栏练习" */;
			compatibilityVersion = "Xcode 3.2";
			developmentRegion = English;
			hasScannedForEncodings = 0;
			knownRegions = (
				en,
				Base,
			);
			mainGroup = 9941DA211CAD20A400EEA76D;
			productRefGroup = 9941DA2B1CAD20A400EEA76D /* Products */;
			projectDirPath = "";
			projectRoot = "";
			targets = (
				9941DA291CAD20A400EEA76D /* 侧边栏练习 */,
				9941DA421CAD20A400EEA76D /* 侧边栏练习Tests */,
				9941DA4D1CAD20A400EEA76D /* 侧边栏练习UITests */,
			);
		};
/* End PBXProject section */

/* Begin PBXResourcesBuildPhase section */
		9941DA281CAD20A400EEA76D /* Resources */ = {
			isa = PBXResourcesBuildPhase;
			buildActionMask = 2147483647;
			files = (
				9941DA3D1CAD20A400EEA76D /* LaunchScreen.storyboard in Resources */,
				9941DA3A1CAD20A400EEA76D /* Assets.xcassets in Resources */,
				9941DA381CAD20A400EEA76D /* Main.storyboard in Resources */,
			);
			runOnlyForDeploymentPostprocessing = 0;
		};
		9941DA411CAD20A400EEA76D /* Resources */ = {
			isa = PBXResourcesBuildPhase;
			buildActionMask = 2147483647;
			files = (
			);
			runOnlyForDeploymentPostprocessing = 0;
		};
		9941DA4C1CAD20A400EEA76D /* Resources */ = {
			isa = PBXResourcesBuildPhase;
			buildActionMask = 2147483647;
			files = (
			);
			runOnlyForDeploymentPostprocessing = 0;
		};
/* End PBXResourcesBuildPhase section */

/* Begin PBXShellScriptBuildPhase section */
		0348763CB8265C362E3DBD01 /* Copy Pods Resources */ = {
			isa = PBXShellScriptBuildPhase;
			buildActionMask = 2147483647;
			files = (
			);
			inputPaths = (
			);
			name = "Copy Pods Resources";
			outputPaths = (
			);
			runOnlyForDeploymentPostprocessing = 0;
			shellPath = /bin/sh;
			shellScript = "\"${SRCROOT}/Pods/Target Support Files/Pods-侧边栏练习Tests/Pods-侧边栏练习Tests-resources.sh\"\n";
			showEnvVarsInLog = 0;
		};
		3D62384B8D9F867E83FAE348 /* Embed Pods Frameworks */ = {
			isa = PBXShellScriptBuildPhase;
			buildActionMask = 2147483647;
			files = (
			);
			inputPaths = (
			);
			name = "Embed Pods Frameworks";
			outputPaths = (
			);
			runOnlyForDeploymentPostprocessing = 0;
			shellPath = /bin/sh;
			shellScript = "\"${SRCROOT}/Pods/Target Support Files/Pods-侧边栏练习/Pods-侧边栏练习-frameworks.sh\"\n";
			showEnvVarsInLog = 0;
		};
		4727CFA7859BE7EAAA7A5D23 /* Check Pods Manifest.lock */ = {
			isa = PBXShellScriptBuildPhase;
			buildActionMask = 2147483647;
			files = (
			);
			inputPaths = (
			);
			name = "Check Pods Manifest.lock";
			outputPaths = (
			);
			runOnlyForDeploymentPostprocessing = 0;
			shellPath = /bin/sh;
			shellScript = "diff \"${PODS_ROOT}/../Podfile.lock\" \"${PODS_ROOT}/Manifest.lock\" > /dev/null\nif [[ $? != 0 ]] ; then\n    cat << EOM\nerror: The sandbox is not in sync with the Podfile.lock. Run 'pod install' or update your CocoaPods installation.\nEOM\n    exit 1\nfi\n";
			showEnvVarsInLog = 0;
		};
		73387964C71A6A417CEE7D77 /* Check Pods Manifest.lock */ = {
			isa = PBXShellScriptBuildPhase;
			buildActionMask = 2147483647;
			files = (
			);
			inputPaths = (
			);
			name = "Check Pods Manifest.lock";
			outputPaths = (
			);
			runOnlyForDeploymentPostprocessing = 0;
			shellPath = /bin/sh;
			shellScript = "diff \"${PODS_ROOT}/../Podfile.lock\" \"${PODS_ROOT}/Manifest.lock\" > /dev/null\nif [[ $? != 0 ]] ; then\n    cat << EOM\nerror: The sandbox is not in sync with the Podfile.lock. Run 'pod install' or update your CocoaPods installation.\nEOM\n    exit 1\nfi\n";
			showEnvVarsInLog = 0;
		};
		BEA93B21AB112DECCF8EFFF1 /* Embed Pods Frameworks */ = {
			isa = PBXShellScriptBuildPhase;
			buildActionMask = 2147483647;
			files = (
			);
			inputPaths = (
			);
			name = "Embed Pods Frameworks";
			outputPaths = (
			);
			runOnlyForDeploymentPostprocessing = 0;
			shellPath = /bin/sh;
			shellScript = "\"${SRCROOT}/Pods/Target Support Files/Pods-侧边栏练习Tests/Pods-侧边栏练习Tests-frameworks.sh\"\n";
			showEnvVarsInLog = 0;
		};
		CC1D76651099015B238A08B7 /* Copy Pods Resources */ = {
			isa = PBXShellScriptBuildPhase;
			buildActionMask = 2147483647;
			files = (
			);
			inputPaths = (
			);
			name = "Copy Pods Resources";
			outputPaths = (
			);
			runOnlyForDeploymentPostprocessing = 0;
			shellPath = /bin/sh;
			shellScript = "\"${SRCROOT}/Pods/Target Support Files/Pods-侧边栏练习/Pods-侧边栏练习-resources.sh\"\n";
			showEnvVarsInLog = 0;
		};
/* End PBXShellScriptBuildPhase section */

/* Begin PBXSourcesBuildPhase section */
		9941DA261CAD20A400EEA76D /* Sources */ = {
			isa = PBXSourcesBuildPhase;
			buildActionMask = 2147483647;
			files = (
				9941DA351CAD20A400EEA76D /* ViewController.m in Sources */,
				9941DA631CAD2D7E00EEA76D /* JVLeftDrawerTableViewController.m in Sources */,
				9941DA321CAD20A400EEA76D /* AppDelegate.m in Sources */,
				9941DA691CAD2F0B00EEA76D /* JVDrawerSettingsTableViewController.m in Sources */,
				9941DA661CAD2E2900EEA76D /* JVGitHubViewController.m in Sources */,
				9941DA2F1CAD20A400EEA76D /* main.m in Sources */,
			);
			runOnlyForDeploymentPostprocessing = 0;
		};
		9941DA3F1CAD20A400EEA76D /* Sources */ = {
			isa = PBXSourcesBuildPhase;
			buildActionMask = 2147483647;
			files = (
				9941DA481CAD20A400EEA76D /* _____Tests.m in Sources */,
			);
			runOnlyForDeploymentPostprocessing = 0;
		};
		9941DA4A1CAD20A400EEA76D /* Sources */ = {
			isa = PBXSourcesBuildPhase;
			buildActionMask = 2147483647;
			files = (
				9941DA531CAD20A400EEA76D /* _____UITests.m in Sources */,
			);
			runOnlyForDeploymentPostprocessing = 0;
		};
/* End PBXSourcesBuildPhase section */

/* Begin PBXTargetDependency section */
		9941DA451CAD20A400EEA76D /* PBXTargetDependency */ = {
			isa = PBXTargetDependency;
			target = 9941DA291CAD20A400EEA76D /* 侧边栏练习 */;
			targetProxy = 9941DA441CAD20A400EEA76D /* PBXContainerItemProxy */;
		};
		9941DA501CAD20A400EEA76D /* PBXTargetDependency */ = {
			isa = PBXTargetDependency;
			target = 9941DA291CAD20A400EEA76D /* 侧边栏练习 */;
			targetProxy = 9941DA4F1CAD20A400EEA76D /* PBXContainerItemProxy */;
		};
/* End PBXTargetDependency section */

/* Begin PBXVariantGroup section */
		9941DA361CAD20A400EEA76D /* Main.storyboard */ = {
			isa = PBXVariantGroup;
			children = (
				9941DA371CAD20A400EEA76D /* Base */,
			);
			name = Main.storyboard;
			sourceTree = "<group>";
		};
		9941DA3B1CAD20A400EEA76D /* LaunchScreen.storyboard */ = {
			isa = PBXVariantGroup;
			children = (
				9941DA3C1CAD20A400EEA76D /* Base */,
			);
			name = LaunchScreen.storyboard;
			sourceTree = "<group>";
		};
/* End PBXVariantGroup section */

/* Begin XCBuildConfiguration section */
		9941DA551CAD20A400EEA76D /* Debug */ = {
			isa = XCBuildConfiguration;
			buildSettings = {
				ALWAYS_SEARCH_USER_PATHS = NO;
				CLANG_CXX_LANGUAGE_STANDARD = "gnu++0x";
				CLANG_CXX_LIBRARY = "libc++";
				CLANG_ENABLE_MODULES = YES;
				CLANG_ENABLE_OBJC_ARC = YES;
				CLANG_WARN_BOOL_CONVERSION = YES;
				CLANG_WARN_CONSTANT_CONVERSION = YES;
				CLANG_WARN_DIRECT_OBJC_ISA_USAGE = YES_ERROR;
				CLANG_WARN_EMPTY_BODY = YES;
				CLANG_WARN_ENUM_CONVERSION = YES;
				CLANG_WARN_INT_CONVERSION = YES;
				CLANG_WARN_OBJC_ROOT_CLASS = YES_ERROR;
				CLANG_WARN_UNREACHABLE_CODE = YES;
				CLANG_WARN__DUPLICATE_METHOD_MATCH = YES;
				"CODE_SIGN_IDENTITY[sdk=iphoneos*]" = "iPhone Developer";
				COPY_PHASE_STRIP = NO;
				DEBUG_INFORMATION_FORMAT = dwarf;
				ENABLE_STRICT_OBJC_MSGSEND = YES;
				ENABLE_TESTABILITY = YES;
				GCC_C_LANGUAGE_STANDARD = gnu99;
				GCC_DYNAMIC_NO_PIC = NO;
				GCC_NO_COMMON_BLOCKS = YES;
				GCC_OPTIMIZATION_LEVEL = 0;
				GCC_PREPROCESSOR_DEFINITIONS = (
					"DEBUG=1",
					"$(inherited)",
				);
				GCC_WARN_64_TO_32_BIT_CONVERSION = YES;
				GCC_WARN_ABOUT_RETURN_TYPE = YES_ERROR;
				GCC_WARN_UNDECLARED_SELECTOR = YES;
				GCC_WARN_UNINITIALIZED_AUTOS = YES_AGGRESSIVE;
				GCC_WARN_UNUSED_FUNCTION = YES;
				GCC_WARN_UNUSED_VARIABLE = YES;
				IPHONEOS_DEPLOYMENT_TARGET = 9.2;
				MTL_ENABLE_DEBUG_INFO = YES;
				ONLY_ACTIVE_ARCH = YES;
				SDKROOT = iphoneos;
			};
			name = Debug;
		};
		9941DA561CAD20A400EEA76D /* Release */ = {
			isa = XCBuildConfiguration;
			buildSettings = {
				ALWAYS_SEARCH_USER_PATHS = NO;
				CLANG_CXX_LANGUAGE_STANDARD = "gnu++0x";
				CLANG_CXX_LIBRARY = "libc++";
				CLANG_ENABLE_MODULES = YES;
				CLANG_ENABLE_OBJC_ARC = YES;
				CLANG_WARN_BOOL_CONVERSION = YES;
				CLANG_WARN_CONSTANT_CONVERSION = YES;
				CLANG_WARN_DIRECT_OBJC_ISA_USAGE = YES_ERROR;
				CLANG_WARN_EMPTY_BODY = YES;
				CLANG_WARN_ENUM_CONVERSION = YES;
				CLANG_WARN_INT_CONVERSION = YES;
				CLANG_WARN_OBJC_ROOT_CLASS = YES_ERROR;
				CLANG_WARN_UNREACHABLE_CODE = YES;
				CLANG_WARN__DUPLICATE_METHOD_MATCH = YES;
				"CODE_SIGN_IDENTITY[sdk=iphoneos*]" = "iPhone Developer";
				COPY_PHASE_STRIP = NO;
				DEBUG_INFORMATION_FORMAT = "dwarf-with-dsym";
				ENABLE_NS_ASSERTIONS = NO;
				ENABLE_STRICT_OBJC_MSGSEND = YES;
				GCC_C_LANGUAGE_STANDARD = gnu99;
				GCC_NO_COMMON_BLOCKS = YES;
				GCC_WARN_64_TO_32_BIT_CONVERSION = YES;
				GCC_WARN_ABOUT_RETURN_TYPE = YES_ERROR;
				GCC_WARN_UNDECLARED_SELECTOR = YES;
				GCC_WARN_UNINITIALIZED_AUTOS = YES_AGGRESSIVE;
				GCC_WARN_UNUSED_FUNCTION = YES;
				GCC_WARN_UNUSED_VARIABLE = YES;
				IPHONEOS_DEPLOYMENT_TARGET = 9.2;
				MTL_ENABLE_DEBUG_INFO = NO;
				SDKROOT = iphoneos;
				VALIDATE_PRODUCT = YES;
			};
			name = Release;
		};
		9941DA581CAD20A400EEA76D /* Debug */ = {
			isa = XCBuildConfiguration;
			baseConfigurationReference = 98CF013781A3F9E46F925259 /* Pods-侧边栏练习.debug.xcconfig */;
			buildSettings = {
				ASSETCATALOG_COMPILER_APPICON_NAME = AppIcon;
				INFOPLIST_FILE = "侧边栏练习/Info.plist";
				LD_RUNPATH_SEARCH_PATHS = "$(inherited) @executable_path/Frameworks";
				PRODUCT_BUNDLE_IDENTIFIER = "luxia.-----";
				PRODUCT_NAME = "$(TARGET_NAME)";
			};
			name = Debug;
		};
		9941DA591CAD20A400EEA76D /* Release */ = {
			isa = XCBuildConfiguration;
			baseConfigurationReference = 33E09185EBA913C026547014 /* Pods-侧边栏练习.release.xcconfig */;
			buildSettings = {
				ASSETCATALOG_COMPILER_APPICON_NAME = AppIcon;
				INFOPLIST_FILE = "侧边栏练习/Info.plist";
				LD_RUNPATH_SEARCH_PATHS = "$(inherited) @executable_path/Frameworks";
				PRODUCT_BUNDLE_IDENTIFIER = "luxia.-----";
				PRODUCT_NAME = "$(TARGET_NAME)";
			};
			name = Release;
		};
		9941DA5B1CAD20A400EEA76D /* Debug */ = {
			isa = XCBuildConfiguration;
			baseConfigurationReference = 88E54AF6D8ECD0736E7F3426 /* Pods-侧边栏练习Tests.debug.xcconfig */;
			buildSettings = {
				BUNDLE_LOADER = "$(TEST_HOST)";
				INFOPLIST_FILE = "侧边栏练习Tests/Info.plist";
				LD_RUNPATH_SEARCH_PATHS = "$(inherited) @executable_path/Frameworks @loader_path/Frameworks";
				PRODUCT_BUNDLE_IDENTIFIER = "luxia.-----Tests";
				PRODUCT_NAME = "$(TARGET_NAME)";
				TEST_HOST = "$(BUILT_PRODUCTS_DIR)/侧边栏练习.app/侧边栏练习";
			};
			name = Debug;
		};
		9941DA5C1CAD20A400EEA76D /* Release */ = {
			isa = XCBuildConfiguration;
			baseConfigurationReference = 034C878B4AD035E7056AF7B3 /* Pods-侧边栏练习Tests.release.xcconfig */;
			buildSettings = {
				BUNDLE_LOADER = "$(TEST_HOST)";
				INFOPLIST_FILE = "侧边栏练习Tests/Info.plist";
				LD_RUNPATH_SEARCH_PATHS = "$(inherited) @executable_path/Frameworks @loader_path/Frameworks";
				PRODUCT_BUNDLE_IDENTIFIER = "luxia.-----Tests";
				PRODUCT_NAME = "$(TARGET_NAME)";
				TEST_HOST = "$(BUILT_PRODUCTS_DIR)/侧边栏练习.app/侧边栏练习";
			};
			name = Release;
		};
		9941DA5E1CAD20A400EEA76D /* Debug */ = {
			isa = XCBuildConfiguration;
			buildSettings = {
				INFOPLIST_FILE = "侧边栏练习UITests/Info.plist";
				LD_RUNPATH_SEARCH_PATHS = "$(inherited) @executable_path/Frameworks @loader_path/Frameworks";
				PRODUCT_BUNDLE_IDENTIFIER = "luxia.-----UITests";
				PRODUCT_NAME = "$(TARGET_NAME)";
				TEST_TARGET_NAME = "侧边栏练习";
				USES_XCTRUNNER = YES;
			};
			name = Debug;
		};
		9941DA5F1CAD20A400EEA76D /* Release */ = {
			isa = XCBuildConfiguration;
			buildSettings = {
				INFOPLIST_FILE = "侧边栏练习UITests/Info.plist";
				LD_RUNPATH_SEARCH_PATHS = "$(inherited) @executable_path/Frameworks @loader_path/Frameworks";
				PRODUCT_BUNDLE_IDENTIFIER = "luxia.-----UITests";
				PRODUCT_NAME = "$(TARGET_NAME)";
				TEST_TARGET_NAME = "侧边栏练习";
				USES_XCTRUNNER = YES;
			};
			name = Release;
		};
/* End XCBuildConfiguration section */

/* Begin XCConfigurationList section */
		9941DA251CAD20A400EEA76D /* Build configuration list for PBXProject "侧边栏练习" */ = {
			isa = XCConfigurationList;
			buildConfigurations = (
				9941DA551CAD20A400EEA76D /* Debug */,
				9941DA561CAD20A400EEA76D /* Release */,
			);
			defaultConfigurationIsVisible = 0;
			defaultConfigurationName = Release;
		};
		9941DA571CAD20A400EEA76D /* Build configuration list for PBXNativeTarget "侧边栏练习" */ = {
			isa = XCConfigurationList;
			buildConfigurations = (
				9941DA581CAD20A400EEA76D /* Debug */,
				9941DA591CAD20A400EEA76D /* Release */,
			);
			defaultConfigurationIsVisible = 0;
			defaultConfigurationName = Release;
		};
		9941DA5A1CAD20A400EEA76D /* Build configuration list for PBXNativeTarget "侧边栏练习Tests" */ = {
			isa = XCConfigurationList;
			buildConfigurations = (
				9941DA5B1CAD20A400EEA76D /* Debug */,
				9941DA5C1CAD20A400EEA76D /* Release */,
			);
			defaultConfigurationIsVisible = 0;
			defaultConfigurationName = Release;
		};
		9941DA5D1CAD20A400EEA76D /* Build configuration list for PBXNativeTarget "侧边栏练习UITests" */ = {
			isa = XCConfigurationList;
			buildConfigurations = (
				9941DA5E1CAD20A400EEA76D /* Debug */,
				9941DA5F1CAD20A400EEA76D /* Release */,
			);
			defaultConfigurationIsVisible = 0;
			defaultConfigurationName = Release;
		};
/* End XCConfigurationList section */
	};
	rootObject = 9941DA221CAD20A400EEA76D /* Project object */;
}
